// !$*UTF8*$!
{
	archiveVersion = 1;
	classes = {
	};
	objectVersion = 46;
	objects = {

/* Begin PBXBuildFile section */
		4CAC02131A707F57006FD62E /* AppDelegate.swift in Sources */ = {isa = PBXBuildFile; fileRef = 4CAC02121A707F57006FD62E /* AppDelegate.swift */; };
		4CAC02161A707F57006FD62E /* Chuggit.xcdatamodeld in Sources */ = {isa = PBXBuildFile; fileRef = 4CAC02141A707F57006FD62E /* Chuggit.xcdatamodeld */; };
		4CAC02181A707F57006FD62E /* ViewController.swift in Sources */ = {isa = PBXBuildFile; fileRef = 4CAC02171A707F57006FD62E /* ViewController.swift */; };
		4CAC021B1A707F57006FD62E /* Main.storyboard in Resources */ = {isa = PBXBuildFile; fileRef = 4CAC02191A707F57006FD62E /* Main.storyboard */; };
		4CAC021D1A707F57006FD62E /* Images.xcassets in Resources */ = {isa = PBXBuildFile; fileRef = 4CAC021C1A707F57006FD62E /* Images.xcassets */; };
		4CAC02201A707F57006FD62E /* LaunchScreen.xib in Resources */ = {isa = PBXBuildFile; fileRef = 4CAC021E1A707F57006FD62E /* LaunchScreen.xib */; };
		4CAC022C1A707F58006FD62E /* ChuggitTests.swift in Sources */ = {isa = PBXBuildFile; fileRef = 4CAC022B1A707F58006FD62E /* ChuggitTests.swift */; };
		4CAC023B1A7082FE006FD62E /* SystemConfiguration.framework in Frameworks */ = {isa = PBXBuildFile; fileRef = 4CAC023A1A7082FE006FD62E /* SystemConfiguration.framework */; };
		4CAC023D1A708305006FD62E /* StoreKit.framework in Frameworks */ = {isa = PBXBuildFile; fileRef = 4CAC023C1A708305006FD62E /* StoreKit.framework */; };
		4CAC023F1A70830C006FD62E /* Security.framework in Frameworks */ = {isa = PBXBuildFile; fileRef = 4CAC023E1A70830C006FD62E /* Security.framework */; };
		4CAC02411A708313006FD62E /* QuartzCore.framework in Frameworks */ = {isa = PBXBuildFile; fileRef = 4CAC02401A708313006FD62E /* QuartzCore.framework */; };
		4CAC02431A70831A006FD62E /* MobileCoreServices.framework in Frameworks */ = {isa = PBXBuildFile; fileRef = 4CAC02421A70831A006FD62E /* MobileCoreServices.framework */; };
		4CAC02451A708337006FD62E /* libsqlite3.dylib in Frameworks */ = {isa = PBXBuildFile; fileRef = 4CAC02441A708337006FD62E /* libsqlite3.dylib */; };
		4CAC02471A708343006FD62E /* libz.dylib in Frameworks */ = {isa = PBXBuildFile; fileRef = 4CAC02461A708343006FD62E /* libz.dylib */; };
		4CAC02491A70834A006FD62E /* CoreLocation.framework in Frameworks */ = {isa = PBXBuildFile; fileRef = 4CAC02481A70834A006FD62E /* CoreLocation.framework */; };
		4CAC024B1A708354006FD62E /* CoreGraphics.framework in Frameworks */ = {isa = PBXBuildFile; fileRef = 4CAC024A1A708354006FD62E /* CoreGraphics.framework */; };
		4CAC024D1A70835A006FD62E /* CFNetwork.framework in Frameworks */ = {isa = PBXBuildFile; fileRef = 4CAC024C1A70835A006FD62E /* CFNetwork.framework */; };
		4CAC024F1A708367006FD62E /* AudioToolbox.framework in Frameworks */ = {isa = PBXBuildFile; fileRef = 4CAC024E1A708367006FD62E /* AudioToolbox.framework */; };
		4CAC02521A70840F006FD62E /* Bolts.framework in Frameworks */ = {isa = PBXBuildFile; fileRef = 4CAC02501A70840F006FD62E /* Bolts.framework */; };
		4CAC02531A708411006FD62E /* Parse.framework in Frameworks */ = {isa = PBXBuildFile; fileRef = 4CAC02511A70840F006FD62E /* Parse.framework */; };
/* End PBXBuildFile section */

/* Begin PBXContainerItemProxy section */
		4CAC02261A707F58006FD62E /* PBXContainerItemProxy */ = {
			isa = PBXContainerItemProxy;
			containerPortal = 4CAC02051A707F56006FD62E /* Project object */;
			proxyType = 1;
			remoteGlobalIDString = 4CAC020C1A707F57006FD62E;
			remoteInfo = Chuggit;
		};
/* End PBXContainerItemProxy section */

/* Begin PBXFileReference section */
		4CAC020D1A707F57006FD62E /* Chuggit.app */ = {isa = PBXFileReference; explicitFileType = wrapper.application; includeInIndex = 0; path = Chuggit.app; sourceTree = BUILT_PRODUCTS_DIR; };
		4CAC02111A707F57006FD62E /* Info.plist */ = {isa = PBXFileReference; lastKnownFileType = text.plist.xml; path = Info.plist; sourceTree = "<group>"; };
		4CAC02121A707F57006FD62E /* AppDelegate.swift */ = {isa = PBXFileReference; lastKnownFileType = sourcecode.swift; path = AppDelegate.swift; sourceTree = "<group>"; };
		4CAC02151A707F57006FD62E /* Chuggit.xcdatamodel */ = {isa = PBXFileReference; lastKnownFileType = wrapper.xcdatamodel; path = Chuggit.xcdatamodel; sourceTree = "<group>"; };
		4CAC02171A707F57006FD62E /* ViewController.swift */ = {isa = PBXFileReference; lastKnownFileType = sourcecode.swift; path = ViewController.swift; sourceTree = "<group>"; };
		4CAC021A1A707F57006FD62E /* Base */ = {isa = PBXFileReference; lastKnownFileType = file.storyboard; name = Base; path = Base.lproj/Main.storyboard; sourceTree = "<group>"; };
		4CAC021C1A707F57006FD62E /* Images.xcassets */ = {isa = PBXFileReference; lastKnownFileType = folder.assetcatalog; path = Images.xcassets; sourceTree = "<group>"; };
		4CAC021F1A707F57006FD62E /* Base */ = {isa = PBXFileReference; lastKnownFileType = file.xib; name = Base; path = Base.lproj/LaunchScreen.xib; sourceTree = "<group>"; };
		4CAC02251A707F57006FD62E /* ChuggitTests.xctest */ = {isa = PBXFileReference; explicitFileType = wrapper.cfbundle; includeInIndex = 0; path = ChuggitTests.xctest; sourceTree = BUILT_PRODUCTS_DIR; };
		4CAC022A1A707F58006FD62E /* Info.plist */ = {isa = PBXFileReference; lastKnownFileType = text.plist.xml; path = Info.plist; sourceTree = "<group>"; };
		4CAC022B1A707F58006FD62E /* ChuggitTests.swift */ = {isa = PBXFileReference; lastKnownFileType = sourcecode.swift; path = ChuggitTests.swift; sourceTree = "<group>"; };
		4CAC023A1A7082FE006FD62E /* SystemConfiguration.framework */ = {isa = PBXFileReference; lastKnownFileType = wrapper.framework; name = SystemConfiguration.framework; path = System/Library/Frameworks/SystemConfiguration.framework; sourceTree = SDKROOT; };
		4CAC023C1A708305006FD62E /* StoreKit.framework */ = {isa = PBXFileReference; lastKnownFileType = wrapper.framework; name = StoreKit.framework; path = System/Library/Frameworks/StoreKit.framework; sourceTree = SDKROOT; };
		4CAC023E1A70830C006FD62E /* Security.framework */ = {isa = PBXFileReference; lastKnownFileType = wrapper.framework; name = Security.framework; path = System/Library/Frameworks/Security.framework; sourceTree = SDKROOT; };
		4CAC02401A708313006FD62E /* QuartzCore.framework */ = {isa = PBXFileReference; lastKnownFileType = wrapper.framework; name = QuartzCore.framework; path = System/Library/Frameworks/QuartzCore.framework; sourceTree = SDKROOT; };
		4CAC02421A70831A006FD62E /* MobileCoreServices.framework */ = {isa = PBXFileReference; lastKnownFileType = wrapper.framework; name = MobileCoreServices.framework; path = System/Library/Frameworks/MobileCoreServices.framework; sourceTree = SDKROOT; };
		4CAC02441A708337006FD62E /* libsqlite3.dylib */ = {isa = PBXFileReference; lastKnownFileType = "compiled.mach-o.dylib"; name = libsqlite3.dylib; path = usr/lib/libsqlite3.dylib; sourceTree = SDKROOT; };
		4CAC02461A708343006FD62E /* libz.dylib */ = {isa = PBXFileReference; lastKnownFileType = "compiled.mach-o.dylib"; name = libz.dylib; path = usr/lib/libz.dylib; sourceTree = SDKROOT; };
		4CAC02481A70834A006FD62E /* CoreLocation.framework */ = {isa = PBXFileReference; lastKnownFileType = wrapper.framework; name = CoreLocation.framework; path = System/Library/Frameworks/CoreLocation.framework; sourceTree = SDKROOT; };
		4CAC024A1A708354006FD62E /* CoreGraphics.framework */ = {isa = PBXFileReference; lastKnownFileType = wrapper.framework; name = CoreGraphics.framework; path = System/Library/Frameworks/CoreGraphics.framework; sourceTree = SDKROOT; };
		4CAC024C1A70835A006FD62E /* CFNetwork.framework */ = {isa = PBXFileReference; lastKnownFileType = wrapper.framework; name = CFNetwork.framework; path = System/Library/Frameworks/CFNetwork.framework; sourceTree = SDKROOT; };
		4CAC024E1A708367006FD62E /* AudioToolbox.framework */ = {isa = PBXFileReference; lastKnownFileType = wrapper.framework; name = AudioToolbox.framework; path = System/Library/Frameworks/AudioToolbox.framework; sourceTree = SDKROOT; };
		4CAC02501A70840F006FD62E /* Bolts.framework */ = {isa = PBXFileReference; lastKnownFileType = wrapper.framework; path = Bolts.framework; sourceTree = "<group>"; };
		4CAC02511A70840F006FD62E /* Parse.framework */ = {isa = PBXFileReference; lastKnownFileType = wrapper.framework; path = Parse.framework; sourceTree = "<group>"; };
		4CAC02541A7085D9006FD62E /* Chuggit-Bridging-Header.h */ = {isa = PBXFileReference; lastKnownFileType = sourcecode.c.h; path = "Chuggit-Bridging-Header.h"; sourceTree = "<group>"; };
/* End PBXFileReference section */

/* Begin PBXFrameworksBuildPhase section */
		4CAC020A1A707F57006FD62E /* Frameworks */ = {
			isa = PBXFrameworksBuildPhase;
			buildActionMask = 2147483647;
			files = (
				4CAC024F1A708367006FD62E /* AudioToolbox.framework in Frameworks */,
				4CAC024D1A70835A006FD62E /* CFNetwork.framework in Frameworks */,
				4CAC024B1A708354006FD62E /* CoreGraphics.framework in Frameworks */,
				4CAC02521A70840F006FD62E /* Bolts.framework in Frameworks */,
				4CAC02491A70834A006FD62E /* CoreLocation.framework in Frameworks */,
				4CAC02471A708343006FD62E /* libz.dylib in Frameworks */,
				4CAC02531A708411006FD62E /* Parse.framework in Frameworks */,
				4CAC02451A708337006FD62E /* libsqlite3.dylib in Frameworks */,
				4CAC02431A70831A006FD62E /* MobileCoreServices.framework in Frameworks */,
				4CAC02411A708313006FD62E /* QuartzCore.framework in Frameworks */,
				4CAC023F1A70830C006FD62E /* Security.framework in Frameworks */,
				4CAC023D1A708305006FD62E /* StoreKit.framework in Frameworks */,
				4CAC023B1A7082FE006FD62E /* SystemConfiguration.framework in Frameworks */,
			);
			runOnlyForDeploymentPostprocessing = 0;
		};
		4CAC02221A707F57006FD62E /* Frameworks */ = {
			isa = PBXFrameworksBuildPhase;
			buildActionMask = 2147483647;
			files = (
			);
			runOnlyForDeploymentPostprocessing = 0;
		};
/* End PBXFrameworksBuildPhase section */

/* Begin PBXGroup section */
		4CAC02041A707F56006FD62E = {
			isa = PBXGroup;
			children = (
				4CAC024E1A708367006FD62E /* AudioToolbox.framework */,
				4CAC024C1A70835A006FD62E /* CFNetwork.framework */,
				4CAC024A1A708354006FD62E /* CoreGraphics.framework */,
				4CAC02481A70834A006FD62E /* CoreLocation.framework */,
				4CAC02461A708343006FD62E /* libz.dylib */,
				4CAC02441A708337006FD62E /* libsqlite3.dylib */,
				4CAC02421A70831A006FD62E /* MobileCoreServices.framework */,
				4CAC02401A708313006FD62E /* QuartzCore.framework */,
				4CAC023E1A70830C006FD62E /* Security.framework */,
				4CAC023C1A708305006FD62E /* StoreKit.framework */,
				4CAC023A1A7082FE006FD62E /* SystemConfiguration.framework */,
				4CAC020F1A707F57006FD62E /* Chuggit */,
				4CAC02281A707F58006FD62E /* ChuggitTests */,
				4CAC020E1A707F57006FD62E /* Products */,
			);
			sourceTree = "<group>";
		};
		4CAC020E1A707F57006FD62E /* Products */ = {
			isa = PBXGroup;
			children = (
				4CAC020D1A707F57006FD62E /* Chuggit.app */,
				4CAC02251A707F57006FD62E /* ChuggitTests.xctest */,
			);
			name = Products;
			sourceTree = "<group>";
		};
		4CAC020F1A707F57006FD62E /* Chuggit */ = {
			isa = PBXGroup;
			children = (
				4CAC02501A70840F006FD62E /* Bolts.framework */,
				4CAC02511A70840F006FD62E /* Parse.framework */,
				4CAC02121A707F57006FD62E /* AppDelegate.swift */,
				4CAC02541A7085D9006FD62E /* Chuggit-Bridging-Header.h */,
				4CAC02171A707F57006FD62E /* ViewController.swift */,
				4CAC02191A707F57006FD62E /* Main.storyboard */,
				4CAC021C1A707F57006FD62E /* Images.xcassets */,
				4CAC021E1A707F57006FD62E /* LaunchScreen.xib */,
				4CAC02141A707F57006FD62E /* Chuggit.xcdatamodeld */,
				4CAC02101A707F57006FD62E /* Supporting Files */,
			);
			path = Chuggit;
			sourceTree = "<group>";
		};
		4CAC02101A707F57006FD62E /* Supporting Files */ = {
			isa = PBXGroup;
			children = (
				4CAC02111A707F57006FD62E /* Info.plist */,
			);
			name = "Supporting Files";
			sourceTree = "<group>";
		};
		4CAC02281A707F58006FD62E /* ChuggitTests */ = {
			isa = PBXGroup;
			children = (
				4CAC022B1A707F58006FD62E /* ChuggitTests.swift */,
				4CAC02291A707F58006FD62E /* Supporting Files */,
			);
			path = ChuggitTests;
			sourceTree = "<group>";
		};
		4CAC02291A707F58006FD62E /* Supporting Files */ = {
			isa = PBXGroup;
			children = (
				4CAC022A1A707F58006FD62E /* Info.plist */,
			);
			name = "Supporting Files";
			sourceTree = "<group>";
		};
/* End PBXGroup section */

/* Begin PBXNativeTarget section */
		4CAC020C1A707F57006FD62E /* Chuggit */ = {
			isa = PBXNativeTarget;
			buildConfigurationList = 4CAC022F1A707F58006FD62E /* Build configuration list for PBXNativeTarget "Chuggit" */;
			buildPhases = (
				4CAC02091A707F57006FD62E /* Sources */,
				4CAC020A1A707F57006FD62E /* Frameworks */,
				4CAC020B1A707F57006FD62E /* Resources */,
			);
			buildRules = (
			);
			dependencies = (
			);
			name = Chuggit;
			productName = Chuggit;
			productReference = 4CAC020D1A707F57006FD62E /* Chuggit.app */;
			productType = "com.apple.product-type.application";
		};
		4CAC02241A707F57006FD62E /* ChuggitTests */ = {
			isa = PBXNativeTarget;
			buildConfigurationList = 4CAC02321A707F58006FD62E /* Build configuration list for PBXNativeTarget "ChuggitTests" */;
			buildPhases = (
				4CAC02211A707F57006FD62E /* Sources */,
				4CAC02221A707F57006FD62E /* Frameworks */,
				4CAC02231A707F57006FD62E /* Resources */,
			);
			buildRules = (
			);
			dependencies = (
				4CAC02271A707F58006FD62E /* PBXTargetDependency */,
			);
			name = ChuggitTests;
			productName = ChuggitTests;
			productReference = 4CAC02251A707F57006FD62E /* ChuggitTests.xctest */;
			productType = "com.apple.product-type.bundle.unit-test";
		};
/* End PBXNativeTarget section */

/* Begin PBXProject section */
		4CAC02051A707F56006FD62E /* Project object */ = {
			isa = PBXProject;
			attributes = {
				LastUpgradeCheck = 0610;
				ORGANIZATIONNAME = "Hutch Productions, LLC";
				TargetAttributes = {
					4CAC020C1A707F57006FD62E = {
						CreatedOnToolsVersion = 6.1.1;
					};
					4CAC02241A707F57006FD62E = {
						CreatedOnToolsVersion = 6.1.1;
						TestTargetID = 4CAC020C1A707F57006FD62E;
					};
				};
			};
			buildConfigurationList = 4CAC02081A707F56006FD62E /* Build configuration list for PBXProject "Chuggit" */;
			compatibilityVersion = "Xcode 3.2";
			developmentRegion = English;
			hasScannedForEncodings = 0;
			knownRegions = (
				en,
				Base,
			);
			mainGroup = 4CAC02041A707F56006FD62E;
			productRefGroup = 4CAC020E1A707F57006FD62E /* Products */;
			projectDirPath = "";
			projectRoot = "";
			targets = (
				4CAC020C1A707F57006FD62E /* Chuggit */,
				4CAC02241A707F57006FD62E /* ChuggitTests */,
			);
		};
/* End PBXProject section */

/* Begin PBXResourcesBuildPhase section */
		4CAC020B1A707F57006FD62E /* Resources */ = {
			isa = PBXResourcesBuildPhase;
			buildActionMask = 2147483647;
			files = (
				4CAC021B1A707F57006FD62E /* Main.storyboard in Resources */,
				4CAC02201A707F57006FD62E /* LaunchScreen.xib in Resources */,
				4CAC021D1A707F57006FD62E /* Images.xcassets in Resources */,
			);
			runOnlyForDeploymentPostprocessing = 0;
		};
		4CAC02231A707F57006FD62E /* Resources */ = {
			isa = PBXResourcesBuildPhase;
			buildActionMask = 2147483647;
			files = (
			);
			runOnlyForDeploymentPostprocessing = 0;
		};
/* End PBXResourcesBuildPhase section */

/* Begin PBXSourcesBuildPhase section */
		4CAC02091A707F57006FD62E /* Sources */ = {
			isa = PBXSourcesBuildPhase;
			buildActionMask = 2147483647;
			files = (
				4CAC02181A707F57006FD62E /* ViewController.swift in Sources */,
				4CAC02131A707F57006FD62E /* AppDelegate.swift in Sources */,
				4CAC02161A707F57006FD62E /* Chuggit.xcdatamodeld in Sources */,
			);
			runOnlyForDeploymentPostprocessing = 0;
		};
		4CAC02211A707F57006FD62E /* Sources */ = {
			isa = PBXSourcesBuildPhase;
			buildActionMask = 2147483647;
			files = (
				4CAC022C1A707F58006FD62E /* ChuggitTests.swift in Sources */,
			);
			runOnlyForDeploymentPostprocessing = 0;
		};
/* End PBXSourcesBuildPhase section */

/* Begin PBXTargetDependency section */
		4CAC02271A707F58006FD62E /* PBXTargetDependency */ = {
			isa = PBXTargetDependency;
			target = 4CAC020C1A707F57006FD62E /* Chuggit */;
			targetProxy = 4CAC02261A707F58006FD62E /* PBXContainerItemProxy */;
		};
/* End PBXTargetDependency section */

/* Begin PBXVariantGroup section */
		4CAC02191A707F57006FD62E /* Main.storyboard */ = {
			isa = PBXVariantGroup;
			children = (
				4CAC021A1A707F57006FD62E /* Base */,
			);
			name = Main.storyboard;
			sourceTree = "<group>";
		};
		4CAC021E1A707F57006FD62E /* LaunchScreen.xib */ = {
			isa = PBXVariantGroup;
			children = (
				4CAC021F1A707F57006FD62E /* Base */,
			);
			name = LaunchScreen.xib;
			sourceTree = "<group>";
		};
/* End PBXVariantGroup section */

/* Begin XCBuildConfiguration section */
		4CAC022D1A707F58006FD62E /* Debug */ = {
			isa = XCBuildConfiguration;
			buildSettings = {
				ALWAYS_SEARCH_USER_PATHS = NO;
				CLANG_CXX_LANGUAGE_STANDARD = "gnu++0x";
				CLANG_CXX_LIBRARY = "libc++";
				CLANG_ENABLE_MODULES = YES;
				CLANG_ENABLE_OBJC_ARC = YES;
				CLANG_WARN_BOOL_CONVERSION = YES;
				CLANG_WARN_CONSTANT_CONVERSION = YES;
				CLANG_WARN_DIRECT_OBJC_ISA_USAGE = YES_ERROR;
				CLANG_WARN_EMPTY_BODY = YES;
				CLANG_WARN_ENUM_CONVERSION = YES;
				CLANG_WARN_INT_CONVERSION = YES;
				CLANG_WARN_OBJC_ROOT_CLASS = YES_ERROR;
				CLANG_WARN_UNREACHABLE_CODE = YES;
				CLANG_WARN__DUPLICATE_METHOD_MATCH = YES;
				"CODE_SIGN_IDENTITY[sdk=iphoneos*]" = "iPhone Developer";
				COPY_PHASE_STRIP = NO;
				ENABLE_STRICT_OBJC_MSGSEND = YES;
				GCC_C_LANGUAGE_STANDARD = gnu99;
				GCC_DYNAMIC_NO_PIC = NO;
				GCC_OPTIMIZATION_LEVEL = 0;
				GCC_PREPROCESSOR_DEFINITIONS = (
					"DEBUG=1",
					"$(inherited)",
				);
				GCC_SYMBOLS_PRIVATE_EXTERN = NO;
				GCC_WARN_64_TO_32_BIT_CONVERSION = YES;
				GCC_WARN_ABOUT_RETURN_TYPE = YES_ERROR;
				GCC_WARN_UNDECLARED_SELECTOR = YES;
				GCC_WARN_UNINITIALIZED_AUTOS = YES_AGGRESSIVE;
				GCC_WARN_UNUSED_FUNCTION = YES;
				GCC_WARN_UNUSED_VARIABLE = YES;
				IPHONEOS_DEPLOYMENT_TARGET = 8.1;
				MTL_ENABLE_DEBUG_INFO = YES;
				ONLY_ACTIVE_ARCH = YES;
				SDKROOT = iphoneos;
				SWIFT_OPTIMIZATION_LEVEL = "-Onone";
			};
			name = Debug;
		};
		4CAC022E1A707F58006FD62E /* Release */ = {
			isa = XCBuildConfiguration;
			buildSettings = {
				ALWAYS_SEARCH_USER_PATHS = NO;
				CLANG_CXX_LANGUAGE_STANDARD = "gnu++0x";
				CLANG_CXX_LIBRARY = "libc++";
				CLANG_ENABLE_MODULES = YES;
				CLANG_ENABLE_OBJC_ARC = YES;
				CLANG_WARN_BOOL_CONVERSION = YES;
				CLANG_WARN_CONSTANT_CONVERSION = YES;
				CLANG_WARN_DIRECT_OBJC_ISA_USAGE = YES_ERROR;
				CLANG_WARN_EMPTY_BODY = YES;
				CLANG_WARN_ENUM_CONVERSION = YES;
				CLANG_WARN_INT_CONVERSION = YES;
				CLANG_WARN_OBJC_ROOT_CLASS = YES_ERROR;
				CLANG_WARN_UNREACHABLE_CODE = YES;
				CLANG_WARN__DUPLICATE_METHOD_MATCH = YES;
				"CODE_SIGN_IDENTITY[sdk=iphoneos*]" = "iPhone Developer";
				COPY_PHASE_STRIP = YES;
				ENABLE_NS_ASSERTIONS = NO;
				ENABLE_STRICT_OBJC_MSGSEND = YES;
				GCC_C_LANGUAGE_STANDARD = gnu99;
				GCC_WARN_64_TO_32_BIT_CONVERSION = YES;
				GCC_WARN_ABOUT_RETURN_TYPE = YES_ERROR;
				GCC_WARN_UNDECLARED_SELECTOR = YES;
				GCC_WARN_UNINITIALIZED_AUTOS = YES_AGGRESSIVE;
				GCC_WARN_UNUSED_FUNCTION = YES;
				GCC_WARN_UNUSED_VARIABLE = YES;
				IPHONEOS_DEPLOYMENT_TARGET = 8.1;
				MTL_ENABLE_DEBUG_INFO = NO;
				SDKROOT = iphoneos;
				VALIDATE_PRODUCT = YES;
			};
			name = Release;
		};
		4CAC02301A707F58006FD62E /* Debug */ = {
			isa = XCBuildConfiguration;
			buildSettings = {
				ASSETCATALOG_COMPILER_APPICON_NAME = AppIcon;
				CLANG_ENABLE_MODULES = YES;
				FRAMEWORK_SEARCH_PATHS = (
					"$(inherited)",
					"$(PROJECT_DIR)",
					"$(PROJECT_DIR)/Chuggit",
				);
				INFOPLIST_FILE = Chuggit/Info.plist;
				LD_RUNPATH_SEARCH_PATHS = "$(inherited) @executable_path/Frameworks";
				PRODUCT_NAME = "$(TARGET_NAME)";
				SWIFT_OBJC_BRIDGING_HEADER = "Chuggit/Chuggit-Bridging-Header.h";
				SWIFT_OPTIMIZATION_LEVEL = "-Onone";
			};
			name = Debug;
		};
		4CAC02311A707F58006FD62E /* Release */ = {
			isa = XCBuildConfiguration;
			buildSettings = {
				ASSETCATALOG_COMPILER_APPICON_NAME = AppIcon;
				CLANG_ENABLE_MODULES = YES;
				FRAMEWORK_SEARCH_PATHS = (
					"$(inherited)",
					"$(PROJECT_DIR)",
					"$(PROJECT_DIR)/Chuggit",
				);
				INFOPLIST_FILE = Chuggit/Info.plist;
				LD_RUNPATH_SEARCH_PATHS = "$(inherited) @executable_path/Frameworks";
				PRODUCT_NAME = "$(TARGET_NAME)";
				SWIFT_OBJC_BRIDGING_HEADER = "Chuggit/Chuggit-Bridging-Header.h";
			};
			name = Release;
		};
		4CAC02331A707F58006FD62E /* Debug */ = {
			isa = XCBuildConfiguration;
			buildSettings = {
				BUNDLE_LOADER = "$(TEST_HOST)";
				FRAMEWORK_SEARCH_PATHS = (
					"$(SDKROOT)/Developer/Library/Frameworks",
					"$(inherited)",
				);
				GCC_PREPROCESSOR_DEFINITIONS = (
					"DEBUG=1",
					"$(inherited)",
				);
				INFOPLIST_FILE = ChuggitTests/Info.plist;
				LD_RUNPATH_SEARCH_PATHS = "$(inherited) @executable_path/Frameworks @loader_path/Frameworks";
				PRODUCT_NAME = "$(TARGET_NAME)";
				TEST_HOST = "$(BUILT_PRODUCTS_DIR)/Chuggit.app/Chuggit";
			};
			name = Debug;
		};
		4CAC02341A707F58006FD62E /* Release */ = {
			isa = XCBuildConfiguration;
			buildSettings = {
				BUNDLE_LOADER = "$(TEST_HOST)";
				FRAMEWORK_SEARCH_PATHS = (
					"$(SDKROOT)/Developer/Library/Frameworks",
					"$(inherited)",
				);
				INFOPLIST_FILE = ChuggitTests/Info.plist;
				LD_RUNPATH_SEARCH_PATHS = "$(inherited) @executable_path/Frameworks @loader_path/Frameworks";
				PRODUCT_NAME = "$(TARGET_NAME)";
				TEST_HOST = "$(BUILT_PRODUCTS_DIR)/Chuggit.app/Chuggit";
			};
			name = Release;
		};
/* End XCBuildConfiguration section */

/* Begin XCConfigurationList section */
		4CAC02081A707F56006FD62E /* Build configuration list for PBXProject "Chuggit" */ = {
			isa = XCConfigurationList;
			buildConfigurations = (
				4CAC022D1A707F58006FD62E /* Debug */,
				4CAC022E1A707F58006FD62E /* Release */,
			);
			defaultConfigurationIsVisible = 0;
			defaultConfigurationName = Release;
		};
		4CAC022F1A707F58006FD62E /* Build configuration list for PBXNativeTarget "Chuggit" */ = {
			isa = XCConfigurationList;
			buildConfigurations = (
				4CAC02301A707F58006FD62E /* Debug */,
				4CAC02311A707F58006FD62E /* Release */,
			);
			defaultConfigurationIsVisible = 0;
		};
		4CAC02321A707F58006FD62E /* Build configuration list for PBXNativeTarget "ChuggitTests" */ = {
			isa = XCConfigurationList;
			buildConfigurations = (
				4CAC02331A707F58006FD62E /* Debug */,
				4CAC02341A707F58006FD62E /* Release */,
			);
			defaultConfigurationIsVisible = 0;
		};
/* End XCConfigurationList section */

/* Begin XCVersionGroup section */
		4CAC02141A707F57006FD62E /* Chuggit.xcdatamodeld */ = {
			isa = XCVersionGroup;
			children = (
				4CAC02151A707F57006FD62E /* Chuggit.xcdatamodel */,
			);
			currentVersion = 4CAC02151A707F57006FD62E /* Chuggit.xcdatamodel */;
			path = Chuggit.xcdatamodeld;
			sourceTree = "<group>";
			versionGroupType = wrapper.xcdatamodel;
		};
/* End XCVersionGroup section */
	};
	rootObject = 4CAC02051A707F56006FD62E /* Project object */;
}
